
Microsoft Visual Studio Solution File, Format Version 12.00
# Visual Studio 15
VisualStudioVersion = 15.0.28307.1433
MinimumVisualStudioVersion = 10.0.40219.1
Project("{FAE04EC0-301F-11D3-BF4B-00C04F79EFBC}") = "AgendaAsincronica", "AgendaAsincronica\AgendaAsincronica.csproj", "{0E67CA12-4415-4394-A5C7-4087C3C8FFFD}"
EndProject
Project("{FAE04EC0-301F-11D3-BF4B-00C04F79EFBC}") = "Database", "Database\Database.csproj", "{DFCE70BA-18CE-4816-B593-98F5768D38B7}"
EndProject
Project("{FAE04EC0-301F-11D3-BF4B-00C04F79EFBC}") = "BusinessLayer", "BusinessLayer\BusinessLayer.csproj", "{17542917-1E3D-4CEF-89F6-54E6EA11E3B2}"
EndProject
Global
	GlobalSection(SolutionConfigurationPlatforms) = preSolution
		Debug|Any CPU = Debug|Any CPU
		Release|Any CPU = Release|Any CPU
	EndGlobalSection
	GlobalSection(ProjectConfigurationPlatforms) = postSolution
		{0E67CA12-4415-4394-A5C7-4087C3C8FFFD}.Debug|Any CPU.ActiveCfg = Debug|Any CPU
		{0E67CA12-4415-4394-A5C7-4087C3C8FFFD}.Debug|Any CPU.Build.0 = Debug|Any CPU
		{0E67CA12-4415-4394-A5C7-4087C3C8FFFD}.Release|Any CPU.ActiveCfg = Release|Any CPU
		{0E67CA12-4415-4394-A5C7-4087C3C8FFFD}.Release|Any CPU.Build.0 = Release|Any CPU
		{DFCE70BA-18CE-4816-B593-98F5768D38B7}.Debug|Any CPU.ActiveCfg = Debug|Any CPU
		{DFCE70BA-18CE-4816-B593-98F5768D38B7}.Debug|Any CPU.Build.0 = Debug|Any CPU
		{DFCE70BA-18CE-4816-B593-98F5768D38B7}.Release|Any CPU.ActiveCfg = Release|Any CPU
		{DFCE70BA-18CE-4816-B593-98F5768D38B7}.Release|Any CPU.Build.0 = Release|Any CPU
		{17542917-1E3D-4CEF-89F6-54E6EA11E3B2}.Debug|Any CPU.ActiveCfg = Debug|Any CPU
		{17542917-1E3D-4CEF-89F6-54E6EA11E3B2}.Debug|Any CPU.Build.0 = Debug|Any CPU
		{17542917-1E3D-4CEF-89F6-54E6EA11E3B2}.Release|Any CPU.ActiveCfg = Release|Any CPU
		{17542917-1E3D-4CEF-89F6-54E6EA11E3B2}.Release|Any CPU.Build.0 = Release|Any CPU
	EndGlobalSection
	GlobalSection(SolutionProperties) = preSolution
		HideSolutionNode = FALSE
	EndGlobalSection
	GlobalSection(ExtensibilityGlobals) = postSolution
		SolutionGuid = {F7BC4E23-4C72-4922-9F9C-21559488FF46}
	EndGlobalSection
EndGlobal
